Microsoft Visual Studio Solution File, Format Version 12.00
# Visual Studio Version 17
VisualStudioVersion = 17.5.2.0
MinimumVisualStudioVersion = 10.0.40219.1
Project("{FAE04EC0-301F-11D3-BF4B-00C04F79EFBC}") = "commsApi", "commsApi.csproj", "{4931D7EB-A98E-0274-E9FB-2A79B4B7DD7F}"
EndProject
Global
	GlobalSection(SolutionConfigurationPlatforms) = preSolution
		Debug|Any CPU = Debug|Any CPU
		Release|Any CPU = Release|Any CPU
	EndGlobalSection
	GlobalSection(ProjectConfigurationPlatforms) = postSolution
		{4931D7EB-A98E-0274-E9FB-2A79B4B7DD7F}.Debug|Any CPU.ActiveCfg = Debug|Any CPU
		{4931D7EB-A98E-0274-E9FB-2A79B4B7DD7F}.Debug|Any CPU.Build.0 = Debug|Any CPU
		{4931D7EB-A98E-0274-E9FB-2A79B4B7DD7F}.Release|Any CPU.ActiveCfg = Release|Any CPU
		{4931D7EB-A98E-0274-E9FB-2A79B4B7DD7F}.Release|Any CPU.Build.0 = Release|Any CPU
	EndGlobalSection
	GlobalSection(SolutionProperties) = preSolution
		HideSolutionNode = FALSE
	EndGlobalSection
	GlobalSection(ExtensibilityGlobals) = postSolution
		SolutionGuid = {E1447CC8-9F62-4B0E-897C-9D69589FFFA6}
	EndGlobalSection
EndGlobal
